PODS:
  - Masonry (0.6.2)
  - WTTagView (1.0):
    - Masonry (~> 0.6.2)

DEPENDENCIES:
  - WTTagView (from `../`)

EXTERNAL SOURCES:
  WTTagView:
    :path: "../"

SPEC CHECKSUMS:
  Masonry: 362e8a1cc0beada4a4c4832d5e863da2a51533be
  WTTagView: c2e848b4d368fd2781a0695dd77f78b0e973c3e9

COCOAPODS: 0.38.1
