PODS:
  - Masonry (0.6.2)
  - WTTagView (0.1.0):
    - Masonry (~> 0.6.2)

DEPENDENCIES:
  - WTTagView (from `../`)

EXTERNAL SOURCES:
  WTTagView:
    :path: "../"

SPEC CHECKSUMS:
  Masonry: 362e8a1cc0beada4a4c4832d5e863da2a51533be
  WTTagView: ba54a48740ce1a83aaf876f2b94c8a872aad1a23

COCOAPODS: 0.38.1
